
Microsoft Visual Studio Solution File, Format Version 12.00
# Visual Studio Version 16
VisualStudioVersion = 16.0.30717.126
MinimumVisualStudioVersion = 10.0.40219.1
Project("{9A19103F-16F7-4668-BE54-9A1E7A4F7556}") = "2020_01_Report Repair", "2020\Day_01\2020_01_Report Repair.csproj", "{A5C8E4A8-C36B-4B36-82FA-4C055834F11B}"
EndProject
Project("{2150E333-8FDC-42A3-9474-1A3956D46DE8}") = "2020", "2020", "{3F197E21-A080-4785-B0E3-FE36678C2C62}"
EndProject
Project("{9A19103F-16F7-4668-BE54-9A1E7A4F7556}") = "2020_02_Password Philosophy", "2020\Day_02\2020_02_Password Philosophy.csproj", "{D53C3A7A-CABA-427C-AD85-E09C08D769EF}"
EndProject
Project("{9A19103F-16F7-4668-BE54-9A1E7A4F7556}") = "2020_03_Toboggan Trajectory", "2020\Day_03\2020_03_Toboggan Trajectory.csproj", "{2FE5D858-0A79-43D9-BD96-93A99A0DCF8C}"
EndProject
Project("{2150E333-8FDC-42A3-9474-1A3956D46DE8}") = "2019", "2019", "{999E5844-ADB6-464F-93E9-930D6A6AC4B1}"
EndProject
Project("{FAE04EC0-301F-11D3-BF4B-00C04F79EFBC}") = "2019_01_The Tyranny of the Rocket Equation", "2019\win\AdventOfCode2019\Day1\2019_01_The Tyranny of the Rocket Equation.csproj", "{A28DF63B-9733-46CB-BCB9-FF98D8374C2D}"
EndProject
Project("{FAE04EC0-301F-11D3-BF4B-00C04F79EFBC}") = "2019_02_1202 Program Alarm (IC)", "2019\win\AdventOfCode2019\Day2\2019_02_1202 Program Alarm (IC).csproj", "{CC2698ED-27D7-4EB3-8E2A-F9D71265DE97}"
EndProject
Project("{FAE04EC0-301F-11D3-BF4B-00C04F79EFBC}") = "2019_03_Crossed Wires", "2019\win\AdventOfCode2019\Day3\2019_03_Crossed Wires.csproj", "{BEF99F78-997F-4A6D-A2CB-459637ECF840}"
EndProject
Project("{FAE04EC0-301F-11D3-BF4B-00C04F79EFBC}") = "2019_03_Crossed Wires Graphical Console", "2019\win\AdventOfCode2019\Day3_Crossed Wires Graphical Console\2019_03_Crossed Wires Graphical Console.csproj", "{385AFE52-C17D-41A0-B89F-4A7A9CB9881F}"
EndProject
Project("{9A19103F-16F7-4668-BE54-9A1E7A4F7556}") = "2020_04_Passport Processing", "2020\2020_04_Passport Processing\2020_04_Passport Processing.csproj", "{84A7FD26-2385-46C0-8CCF-DC3A1B1F0F77}"
EndProject
Project("{9A19103F-16F7-4668-BE54-9A1E7A4F7556}") = "2020_05_Binary Boarding", "2020\2020_05_Binary Boarding\2020_05_Binary Boarding.csproj", "{15F2C589-50F9-4CAF-A830-7E5A3F131631}"
EndProject
Project("{FAE04EC0-301F-11D3-BF4B-00C04F79EFBC}") = "2019_04_Secure Container", "2019\win\AdventOfCode2019\Day4\2019_04_Secure Container.csproj", "{115A621E-697E-40FA-AEE8-9708022D512E}"
EndProject
Project("{FAE04EC0-301F-11D3-BF4B-00C04F79EFBC}") = "2019_04_Secure Container(Mod)", "2019\win\AdventOfCode2019\Day4Mod\2019_04_Secure Container(Mod).csproj", "{49AF6FCA-EED8-4225-8996-5010E92C3CA9}"
EndProject
Project("{FAE04EC0-301F-11D3-BF4B-00C04F79EFBC}") = "2019_05_Sunny with a Chance of Asteroids (IC)", "2019\win\AdventOfCode2019\Day5\2019_05_Sunny with a Chance of Asteroids (IC).csproj", "{73F0145E-04BC-4D53-8E5A-3AE9CAAB458D}"
EndProject
Project("{FAE04EC0-301F-11D3-BF4B-00C04F79EFBC}") = "2019_06_Universal Orbit Map", "2019\win\AdventOfCode2019\Day6\2019_06_Universal Orbit Map.csproj", "{FBC55C30-962C-442C-AF94-1C212CDEC618}"
EndProject
Project("{FAE04EC0-301F-11D3-BF4B-00C04F79EFBC}") = "2019_06_Universal Orbit Map(Mod)", "2019\win\AdventOfCode2019\Day6Mod\2019_06_Universal Orbit Map(Mod).csproj", "{63CD96CC-4E23-460D-B279-13F6F79AD190}"
EndProject
Project("{FAE04EC0-301F-11D3-BF4B-00C04F79EFBC}") = "2019_07_InputAmplifier (IC)", "2019\win\AdventOfCode2019\Day7_InputAmplifier\2019_07_InputAmplifier (IC).csproj", "{76D82C01-F809-4B93-97EA-3CD730E7B541}"
EndProject
Project("{FAE04EC0-301F-11D3-BF4B-00C04F79EFBC}") = "2019_08_Space Image Format", "2019\win\AdventOfCode2019\Day8_SpaceImageFormat\2019_08_Space Image Format.csproj", "{475739FD-4456-4C39-B9B0-57B9CF0FD711}"
EndProject
Project("{FAE04EC0-301F-11D3-BF4B-00C04F79EFBC}") = "2019_09_Sensor Boost", "2019\win\AdventOfCode2019\Day9_Sensor Boost\2019_09_Sensor Boost.csproj", "{047C0176-EF19-4BCA-B189-2FAFCE5BC878}"
EndProject
Project("{FAE04EC0-301F-11D3-BF4B-00C04F79EFBC}") = "2019_10_Monitoring Station", "2019\win\AdventOfCode2019\Day10_Monitoring Station\2019_10_Monitoring Station.csproj", "{59B7D561-0889-4A6F-A52E-989D7871D38E}"
EndProject
Project("{FAE04EC0-301F-11D3-BF4B-00C04F79EFBC}") = "2019_11_Space Police", "2019\win\AdventOfCode2019\Day11_Space Police\2019_11_Space Police.csproj", "{FDFE964D-3319-4295-888C-CC07CCFF41EF}"
EndProject
Project("{FAE04EC0-301F-11D3-BF4B-00C04F79EFBC}") = "2019_12_The N-Body Problem", "2019\win\AdventOfCode2019\Day12_The N-Body Problem\2019_12_The N-Body Problem.csproj", "{60155E12-D44F-40ED-A8A4-5F2A6FBFEE8B}"
EndProject
Project("{2150E333-8FDC-42A3-9474-1A3956D46DE8}") = "Solution Items", "Solution Items", "{8A71941F-195E-469D-91F7-AFF9626A05E0}"
	ProjectSection(SolutionItems) = preProject
		.gitattributes = .gitattributes
		.gitignore = .gitignore
		README.md = README.md
	EndProjectSection
EndProject
Project("{FAE04EC0-301F-11D3-BF4B-00C04F79EFBC}") = "2019_14_Space Stoichiometry", "2019\win\AdventOfCode2019\Day14_Space Stoichiometry\2019_14_Space Stoichiometry.csproj", "{83E45D4A-581D-429C-A56D-6476855743C7}"
EndProject
Project("{FAE04EC0-301F-11D3-BF4B-00C04F79EFBC}") = "2019_16_Flawed Frequency Transmission", "2019\win\AdventOfCode2019\Day16_Flawed Frequency Transmission\2019_16_Flawed Frequency Transmission.csproj", "{E94A9ED7-1BE0-4FDF-90D0-24DAF24449F8}"
EndProject
Project("{8BC9CEB8-8B4A-11D0-8D11-00A0C91BC942}") = "2019_16_Flawed Frequency Transmission(ASM)", "2019\win\AdventOfCode2019\Day16_ASM\Day16_ASM.vcxproj", "{0C3807C0-BB72-4B0D-866A-65F6512233DD}"
EndProject
Project("{FAE04EC0-301F-11D3-BF4B-00C04F79EFBC}") = "2019_22_Slam Shuffle", "2019\win\AdventOfCode2019\Day22_Slam Shuffle\2019_22_Slam Shuffle.csproj", "{A7C8DFE6-1201-4B92-A741-6AD66F03E4E7}"
EndProject
Project("{2150E333-8FDC-42A3-9474-1A3956D46DE8}") = "2018", "2018", "{697A4975-02E8-4FEB-B664-7EA0C777C536}"
EndProject
Project("{FAE04EC0-301F-11D3-BF4B-00C04F79EFBC}") = "AdventOfCode2018", "2018\win\AdventOfCode2018\AdventOfCode2018.csproj", "{4555C6E6-FAD0-415C-8A11-B4EFC6716B36}"
EndProject
Project("{FAE04EC0-301F-11D3-BF4B-00C04F79EFBC}") = "2018_19_Go With The Flow", "2018\win\Day19\2018_19_Go With The Flow.csproj", "{3AD6E080-9095-4D9B-B7BC-D6C4D7A60FFF}"
EndProject
Project("{9A19103F-16F7-4668-BE54-9A1E7A4F7556}") = "2020_06_Custom Customs", "2020\2020_06_Custom Customs\2020_06_Custom Customs.csproj", "{5914250A-C705-483D-98F6-D77477409939}"
EndProject
Project("{9A19103F-16F7-4668-BE54-9A1E7A4F7556}") = "2020_07_Handy Haversacks", "2020\2020_07_Handy Haversacks\2020_07_Handy Haversacks.csproj", "{E1243B98-7ECC-4B67-8C05-F752AFAB83DB}"
EndProject
Project("{9A19103F-16F7-4668-BE54-9A1E7A4F7556}") = "2020_08_Handheld Halting", "2020_08_Handheld Halting\2020_08_Handheld Halting\2020_08_Handheld Halting.csproj", "{C4698609-7639-45EE-8BB9-3BD15A801C55}"
EndProject
Project("{FAE04EC0-301F-11D3-BF4B-00C04F79EFBC}") = "2018_20_A Regular Map", "2018\win\Day20\2018_20_A Regular Map.csproj", "{DD728766-6433-4B27-8A5F-30B526EC879B}"
EndProject
Project("{FAE04EC0-301F-11D3-BF4B-00C04F79EFBC}") = "2018_21_Chronal Conversion", "2018\win\Day21\2018_21_Chronal Conversion.csproj", "{55FD2C2D-A80B-4466-80D3-B31565EBD06C}"
EndProject
Project("{FAE04EC0-301F-11D3-BF4B-00C04F79EFBC}") = "2018_22_Mode Maze", "2018\win\Day22\2018_22_Mode Maze.csproj", "{9F7FFB23-C667-492C-BC09-0416DC4A62B9}"
EndProject
Project("{FAE04EC0-301F-11D3-BF4B-00C04F79EFBC}") = "2018_23_Experimental Emergency Teleportation", "2018\win\Day23\2018_23_Experimental Emergency Teleportation.csproj", "{B2F01D5E-A57D-413D-9BBD-984B2054B140}"
EndProject
Project("{2150E333-8FDC-42A3-9474-1A3956D46DE8}") = "2017", "2017", "{3ADA8043-489F-4CBA-9CBF-671B2D8740D4}"
EndProject
Project("{FAE04EC0-301F-11D3-BF4B-00C04F79EFBC}") = "AdventOfCode2017", "2017\win\AdventOfCode2017\AdventOfCode2017.csproj", "{3218AFCF-9997-438E-8A93-FE8E8C83DDCF}"
EndProject
Project("{FAE04EC0-301F-11D3-BF4B-00C04F79EFBC}") = "2020_09_Encoding Error", "2020\2020_09_Encoding Error\2020_09_Encoding Error.csproj", "{44D40DA3-5DD9-48BE-ACE8-C287B31FB416}"
EndProject
Global
	GlobalSection(SolutionConfigurationPlatforms) = preSolution
		Debug|Any CPU = Debug|Any CPU
		Debug|x64 = Debug|x64
		Debug|x86 = Debug|x86
		Release|Any CPU = Release|Any CPU
		Release|x64 = Release|x64
		Release|x86 = Release|x86
	EndGlobalSection
	GlobalSection(ProjectConfigurationPlatforms) = postSolution
		{A5C8E4A8-C36B-4B36-82FA-4C055834F11B}.Debug|Any CPU.ActiveCfg = Debug|Any CPU
		{A5C8E4A8-C36B-4B36-82FA-4C055834F11B}.Debug|Any CPU.Build.0 = Debug|Any CPU
		{A5C8E4A8-C36B-4B36-82FA-4C055834F11B}.Debug|x64.ActiveCfg = Debug|x64
		{A5C8E4A8-C36B-4B36-82FA-4C055834F11B}.Debug|x64.Build.0 = Debug|x64
		{A5C8E4A8-C36B-4B36-82FA-4C055834F11B}.Debug|x86.ActiveCfg = Debug|Any CPU
		{A5C8E4A8-C36B-4B36-82FA-4C055834F11B}.Debug|x86.Build.0 = Debug|Any CPU
		{A5C8E4A8-C36B-4B36-82FA-4C055834F11B}.Release|Any CPU.ActiveCfg = Release|Any CPU
		{A5C8E4A8-C36B-4B36-82FA-4C055834F11B}.Release|Any CPU.Build.0 = Release|Any CPU
		{A5C8E4A8-C36B-4B36-82FA-4C055834F11B}.Release|x64.ActiveCfg = Release|x64
		{A5C8E4A8-C36B-4B36-82FA-4C055834F11B}.Release|x64.Build.0 = Release|x64
		{A5C8E4A8-C36B-4B36-82FA-4C055834F11B}.Release|x86.ActiveCfg = Release|Any CPU
		{A5C8E4A8-C36B-4B36-82FA-4C055834F11B}.Release|x86.Build.0 = Release|Any CPU
		{D53C3A7A-CABA-427C-AD85-E09C08D769EF}.Debug|Any CPU.ActiveCfg = Debug|Any CPU
		{D53C3A7A-CABA-427C-AD85-E09C08D769EF}.Debug|Any CPU.Build.0 = Debug|Any CPU
		{D53C3A7A-CABA-427C-AD85-E09C08D769EF}.Debug|x64.ActiveCfg = Debug|x64
		{D53C3A7A-CABA-427C-AD85-E09C08D769EF}.Debug|x64.Build.0 = Debug|x64
		{D53C3A7A-CABA-427C-AD85-E09C08D769EF}.Debug|x86.ActiveCfg = Debug|Any CPU
		{D53C3A7A-CABA-427C-AD85-E09C08D769EF}.Debug|x86.Build.0 = Debug|Any CPU
		{D53C3A7A-CABA-427C-AD85-E09C08D769EF}.Release|Any CPU.ActiveCfg = Release|Any CPU
		{D53C3A7A-CABA-427C-AD85-E09C08D769EF}.Release|Any CPU.Build.0 = Release|Any CPU
		{D53C3A7A-CABA-427C-AD85-E09C08D769EF}.Release|x64.ActiveCfg = Release|x64
		{D53C3A7A-CABA-427C-AD85-E09C08D769EF}.Release|x64.Build.0 = Release|x64
		{D53C3A7A-CABA-427C-AD85-E09C08D769EF}.Release|x86.ActiveCfg = Release|Any CPU
		{D53C3A7A-CABA-427C-AD85-E09C08D769EF}.Release|x86.Build.0 = Release|Any CPU
		{2FE5D858-0A79-43D9-BD96-93A99A0DCF8C}.Debug|Any CPU.ActiveCfg = Debug|Any CPU
		{2FE5D858-0A79-43D9-BD96-93A99A0DCF8C}.Debug|Any CPU.Build.0 = Debug|Any CPU
		{2FE5D858-0A79-43D9-BD96-93A99A0DCF8C}.Debug|x64.ActiveCfg = Debug|x64
		{2FE5D858-0A79-43D9-BD96-93A99A0DCF8C}.Debug|x64.Build.0 = Debug|x64
		{2FE5D858-0A79-43D9-BD96-93A99A0DCF8C}.Debug|x86.ActiveCfg = Debug|Any CPU
		{2FE5D858-0A79-43D9-BD96-93A99A0DCF8C}.Debug|x86.Build.0 = Debug|Any CPU
		{2FE5D858-0A79-43D9-BD96-93A99A0DCF8C}.Release|Any CPU.ActiveCfg = Release|Any CPU
		{2FE5D858-0A79-43D9-BD96-93A99A0DCF8C}.Release|Any CPU.Build.0 = Release|Any CPU
		{2FE5D858-0A79-43D9-BD96-93A99A0DCF8C}.Release|x64.ActiveCfg = Release|x64
		{2FE5D858-0A79-43D9-BD96-93A99A0DCF8C}.Release|x64.Build.0 = Release|x64
		{2FE5D858-0A79-43D9-BD96-93A99A0DCF8C}.Release|x86.ActiveCfg = Release|Any CPU
		{2FE5D858-0A79-43D9-BD96-93A99A0DCF8C}.Release|x86.Build.0 = Release|Any CPU
		{A28DF63B-9733-46CB-BCB9-FF98D8374C2D}.Debug|Any CPU.ActiveCfg = Debug|Any CPU
		{A28DF63B-9733-46CB-BCB9-FF98D8374C2D}.Debug|Any CPU.Build.0 = Debug|Any CPU
		{A28DF63B-9733-46CB-BCB9-FF98D8374C2D}.Debug|x64.ActiveCfg = Debug|x64
		{A28DF63B-9733-46CB-BCB9-FF98D8374C2D}.Debug|x64.Build.0 = Debug|x64
		{A28DF63B-9733-46CB-BCB9-FF98D8374C2D}.Debug|x86.ActiveCfg = Debug|Any CPU
		{A28DF63B-9733-46CB-BCB9-FF98D8374C2D}.Debug|x86.Build.0 = Debug|Any CPU
		{A28DF63B-9733-46CB-BCB9-FF98D8374C2D}.Release|Any CPU.ActiveCfg = Release|Any CPU
		{A28DF63B-9733-46CB-BCB9-FF98D8374C2D}.Release|Any CPU.Build.0 = Release|Any CPU
		{A28DF63B-9733-46CB-BCB9-FF98D8374C2D}.Release|x64.ActiveCfg = Release|x64
		{A28DF63B-9733-46CB-BCB9-FF98D8374C2D}.Release|x64.Build.0 = Release|x64
		{A28DF63B-9733-46CB-BCB9-FF98D8374C2D}.Release|x86.ActiveCfg = Release|Any CPU
		{A28DF63B-9733-46CB-BCB9-FF98D8374C2D}.Release|x86.Build.0 = Release|Any CPU
		{CC2698ED-27D7-4EB3-8E2A-F9D71265DE97}.Debug|Any CPU.ActiveCfg = Debug|Any CPU
		{CC2698ED-27D7-4EB3-8E2A-F9D71265DE97}.Debug|Any CPU.Build.0 = Debug|Any CPU
		{CC2698ED-27D7-4EB3-8E2A-F9D71265DE97}.Debug|x64.ActiveCfg = Debug|x64
		{CC2698ED-27D7-4EB3-8E2A-F9D71265DE97}.Debug|x64.Build.0 = Debug|x64
		{CC2698ED-27D7-4EB3-8E2A-F9D71265DE97}.Debug|x86.ActiveCfg = Debug|Any CPU
		{CC2698ED-27D7-4EB3-8E2A-F9D71265DE97}.Debug|x86.Build.0 = Debug|Any CPU
		{CC2698ED-27D7-4EB3-8E2A-F9D71265DE97}.Release|Any CPU.ActiveCfg = Release|Any CPU
		{CC2698ED-27D7-4EB3-8E2A-F9D71265DE97}.Release|Any CPU.Build.0 = Release|Any CPU
		{CC2698ED-27D7-4EB3-8E2A-F9D71265DE97}.Release|x64.ActiveCfg = Release|x64
		{CC2698ED-27D7-4EB3-8E2A-F9D71265DE97}.Release|x64.Build.0 = Release|x64
		{CC2698ED-27D7-4EB3-8E2A-F9D71265DE97}.Release|x86.ActiveCfg = Release|Any CPU
		{CC2698ED-27D7-4EB3-8E2A-F9D71265DE97}.Release|x86.Build.0 = Release|Any CPU
		{BEF99F78-997F-4A6D-A2CB-459637ECF840}.Debug|Any CPU.ActiveCfg = Debug|Any CPU
		{BEF99F78-997F-4A6D-A2CB-459637ECF840}.Debug|Any CPU.Build.0 = Debug|Any CPU
		{BEF99F78-997F-4A6D-A2CB-459637ECF840}.Debug|x64.ActiveCfg = Debug|x64
		{BEF99F78-997F-4A6D-A2CB-459637ECF840}.Debug|x64.Build.0 = Debug|x64
		{BEF99F78-997F-4A6D-A2CB-459637ECF840}.Debug|x86.ActiveCfg = Debug|Any CPU
		{BEF99F78-997F-4A6D-A2CB-459637ECF840}.Debug|x86.Build.0 = Debug|Any CPU
		{BEF99F78-997F-4A6D-A2CB-459637ECF840}.Release|Any CPU.ActiveCfg = Release|Any CPU
		{BEF99F78-997F-4A6D-A2CB-459637ECF840}.Release|Any CPU.Build.0 = Release|Any CPU
		{BEF99F78-997F-4A6D-A2CB-459637ECF840}.Release|x64.ActiveCfg = Release|x64
		{BEF99F78-997F-4A6D-A2CB-459637ECF840}.Release|x64.Build.0 = Release|x64
		{BEF99F78-997F-4A6D-A2CB-459637ECF840}.Release|x86.ActiveCfg = Release|Any CPU
		{BEF99F78-997F-4A6D-A2CB-459637ECF840}.Release|x86.Build.0 = Release|Any CPU
		{385AFE52-C17D-41A0-B89F-4A7A9CB9881F}.Debug|Any CPU.ActiveCfg = Debug|Any CPU
		{385AFE52-C17D-41A0-B89F-4A7A9CB9881F}.Debug|Any CPU.Build.0 = Debug|Any CPU
		{385AFE52-C17D-41A0-B89F-4A7A9CB9881F}.Debug|x64.ActiveCfg = Debug|Any CPU
		{385AFE52-C17D-41A0-B89F-4A7A9CB9881F}.Debug|x64.Build.0 = Debug|Any CPU
		{385AFE52-C17D-41A0-B89F-4A7A9CB9881F}.Debug|x86.ActiveCfg = Debug|Any CPU
		{385AFE52-C17D-41A0-B89F-4A7A9CB9881F}.Debug|x86.Build.0 = Debug|Any CPU
		{385AFE52-C17D-41A0-B89F-4A7A9CB9881F}.Release|Any CPU.ActiveCfg = Release|Any CPU
		{385AFE52-C17D-41A0-B89F-4A7A9CB9881F}.Release|Any CPU.Build.0 = Release|Any CPU
		{385AFE52-C17D-41A0-B89F-4A7A9CB9881F}.Release|x64.ActiveCfg = Release|Any CPU
		{385AFE52-C17D-41A0-B89F-4A7A9CB9881F}.Release|x64.Build.0 = Release|Any CPU
		{385AFE52-C17D-41A0-B89F-4A7A9CB9881F}.Release|x86.ActiveCfg = Release|Any CPU
		{385AFE52-C17D-41A0-B89F-4A7A9CB9881F}.Release|x86.Build.0 = Release|Any CPU
		{84A7FD26-2385-46C0-8CCF-DC3A1B1F0F77}.Debug|Any CPU.ActiveCfg = Debug|Any CPU
		{84A7FD26-2385-46C0-8CCF-DC3A1B1F0F77}.Debug|Any CPU.Build.0 = Debug|Any CPU
		{84A7FD26-2385-46C0-8CCF-DC3A1B1F0F77}.Debug|x64.ActiveCfg = Debug|Any CPU
		{84A7FD26-2385-46C0-8CCF-DC3A1B1F0F77}.Debug|x64.Build.0 = Debug|Any CPU
		{84A7FD26-2385-46C0-8CCF-DC3A1B1F0F77}.Debug|x86.ActiveCfg = Debug|Any CPU
		{84A7FD26-2385-46C0-8CCF-DC3A1B1F0F77}.Debug|x86.Build.0 = Debug|Any CPU
		{84A7FD26-2385-46C0-8CCF-DC3A1B1F0F77}.Release|Any CPU.ActiveCfg = Release|Any CPU
		{84A7FD26-2385-46C0-8CCF-DC3A1B1F0F77}.Release|Any CPU.Build.0 = Release|Any CPU
		{84A7FD26-2385-46C0-8CCF-DC3A1B1F0F77}.Release|x64.ActiveCfg = Release|Any CPU
		{84A7FD26-2385-46C0-8CCF-DC3A1B1F0F77}.Release|x64.Build.0 = Release|Any CPU
		{84A7FD26-2385-46C0-8CCF-DC3A1B1F0F77}.Release|x86.ActiveCfg = Release|Any CPU
		{84A7FD26-2385-46C0-8CCF-DC3A1B1F0F77}.Release|x86.Build.0 = Release|Any CPU
		{15F2C589-50F9-4CAF-A830-7E5A3F131631}.Debug|Any CPU.ActiveCfg = Debug|Any CPU
		{15F2C589-50F9-4CAF-A830-7E5A3F131631}.Debug|Any CPU.Build.0 = Debug|Any CPU
		{15F2C589-50F9-4CAF-A830-7E5A3F131631}.Debug|x64.ActiveCfg = Debug|Any CPU
		{15F2C589-50F9-4CAF-A830-7E5A3F131631}.Debug|x64.Build.0 = Debug|Any CPU
		{15F2C589-50F9-4CAF-A830-7E5A3F131631}.Debug|x86.ActiveCfg = Debug|Any CPU
		{15F2C589-50F9-4CAF-A830-7E5A3F131631}.Debug|x86.Build.0 = Debug|Any CPU
		{15F2C589-50F9-4CAF-A830-7E5A3F131631}.Release|Any CPU.ActiveCfg = Release|Any CPU
		{15F2C589-50F9-4CAF-A830-7E5A3F131631}.Release|Any CPU.Build.0 = Release|Any CPU
		{15F2C589-50F9-4CAF-A830-7E5A3F131631}.Release|x64.ActiveCfg = Release|Any CPU
		{15F2C589-50F9-4CAF-A830-7E5A3F131631}.Release|x64.Build.0 = Release|Any CPU
		{15F2C589-50F9-4CAF-A830-7E5A3F131631}.Release|x86.ActiveCfg = Release|Any CPU
		{15F2C589-50F9-4CAF-A830-7E5A3F131631}.Release|x86.Build.0 = Release|Any CPU
		{115A621E-697E-40FA-AEE8-9708022D512E}.Debug|Any CPU.ActiveCfg = Debug|Any CPU
		{115A621E-697E-40FA-AEE8-9708022D512E}.Debug|Any CPU.Build.0 = Debug|Any CPU
		{115A621E-697E-40FA-AEE8-9708022D512E}.Debug|x64.ActiveCfg = Debug|Any CPU
		{115A621E-697E-40FA-AEE8-9708022D512E}.Debug|x64.Build.0 = Debug|Any CPU
		{115A621E-697E-40FA-AEE8-9708022D512E}.Debug|x86.ActiveCfg = Debug|Any CPU
		{115A621E-697E-40FA-AEE8-9708022D512E}.Debug|x86.Build.0 = Debug|Any CPU
		{115A621E-697E-40FA-AEE8-9708022D512E}.Release|Any CPU.ActiveCfg = Release|Any CPU
		{115A621E-697E-40FA-AEE8-9708022D512E}.Release|Any CPU.Build.0 = Release|Any CPU
		{115A621E-697E-40FA-AEE8-9708022D512E}.Release|x64.ActiveCfg = Release|Any CPU
		{115A621E-697E-40FA-AEE8-9708022D512E}.Release|x64.Build.0 = Release|Any CPU
		{115A621E-697E-40FA-AEE8-9708022D512E}.Release|x86.ActiveCfg = Release|Any CPU
		{115A621E-697E-40FA-AEE8-9708022D512E}.Release|x86.Build.0 = Release|Any CPU
		{49AF6FCA-EED8-4225-8996-5010E92C3CA9}.Debug|Any CPU.ActiveCfg = Debug|Any CPU
		{49AF6FCA-EED8-4225-8996-5010E92C3CA9}.Debug|Any CPU.Build.0 = Debug|Any CPU
		{49AF6FCA-EED8-4225-8996-5010E92C3CA9}.Debug|x64.ActiveCfg = Debug|Any CPU
		{49AF6FCA-EED8-4225-8996-5010E92C3CA9}.Debug|x64.Build.0 = Debug|Any CPU
		{49AF6FCA-EED8-4225-8996-5010E92C3CA9}.Debug|x86.ActiveCfg = Debug|Any CPU
		{49AF6FCA-EED8-4225-8996-5010E92C3CA9}.Debug|x86.Build.0 = Debug|Any CPU
		{49AF6FCA-EED8-4225-8996-5010E92C3CA9}.Release|Any CPU.ActiveCfg = Release|Any CPU
		{49AF6FCA-EED8-4225-8996-5010E92C3CA9}.Release|Any CPU.Build.0 = Release|Any CPU
		{49AF6FCA-EED8-4225-8996-5010E92C3CA9}.Release|x64.ActiveCfg = Release|Any CPU
		{49AF6FCA-EED8-4225-8996-5010E92C3CA9}.Release|x64.Build.0 = Release|Any CPU
		{49AF6FCA-EED8-4225-8996-5010E92C3CA9}.Release|x86.ActiveCfg = Release|Any CPU
		{49AF6FCA-EED8-4225-8996-5010E92C3CA9}.Release|x86.Build.0 = Release|Any CPU
		{73F0145E-04BC-4D53-8E5A-3AE9CAAB458D}.Debug|Any CPU.ActiveCfg = Debug|Any CPU
		{73F0145E-04BC-4D53-8E5A-3AE9CAAB458D}.Debug|Any CPU.Build.0 = Debug|Any CPU
		{73F0145E-04BC-4D53-8E5A-3AE9CAAB458D}.Debug|x64.ActiveCfg = Debug|Any CPU
		{73F0145E-04BC-4D53-8E5A-3AE9CAAB458D}.Debug|x64.Build.0 = Debug|Any CPU
		{73F0145E-04BC-4D53-8E5A-3AE9CAAB458D}.Debug|x86.ActiveCfg = Debug|Any CPU
		{73F0145E-04BC-4D53-8E5A-3AE9CAAB458D}.Debug|x86.Build.0 = Debug|Any CPU
		{73F0145E-04BC-4D53-8E5A-3AE9CAAB458D}.Release|Any CPU.ActiveCfg = Release|Any CPU
		{73F0145E-04BC-4D53-8E5A-3AE9CAAB458D}.Release|Any CPU.Build.0 = Release|Any CPU
		{73F0145E-04BC-4D53-8E5A-3AE9CAAB458D}.Release|x64.ActiveCfg = Release|Any CPU
		{73F0145E-04BC-4D53-8E5A-3AE9CAAB458D}.Release|x64.Build.0 = Release|Any CPU
		{73F0145E-04BC-4D53-8E5A-3AE9CAAB458D}.Release|x86.ActiveCfg = Release|Any CPU
		{73F0145E-04BC-4D53-8E5A-3AE9CAAB458D}.Release|x86.Build.0 = Release|Any CPU
		{FBC55C30-962C-442C-AF94-1C212CDEC618}.Debug|Any CPU.ActiveCfg = Debug|Any CPU
		{FBC55C30-962C-442C-AF94-1C212CDEC618}.Debug|Any CPU.Build.0 = Debug|Any CPU
		{FBC55C30-962C-442C-AF94-1C212CDEC618}.Debug|x64.ActiveCfg = Debug|Any CPU
		{FBC55C30-962C-442C-AF94-1C212CDEC618}.Debug|x64.Build.0 = Debug|Any CPU
		{FBC55C30-962C-442C-AF94-1C212CDEC618}.Debug|x86.ActiveCfg = Debug|Any CPU
		{FBC55C30-962C-442C-AF94-1C212CDEC618}.Debug|x86.Build.0 = Debug|Any CPU
		{FBC55C30-962C-442C-AF94-1C212CDEC618}.Release|Any CPU.ActiveCfg = Release|Any CPU
		{FBC55C30-962C-442C-AF94-1C212CDEC618}.Release|Any CPU.Build.0 = Release|Any CPU
		{FBC55C30-962C-442C-AF94-1C212CDEC618}.Release|x64.ActiveCfg = Release|Any CPU
		{FBC55C30-962C-442C-AF94-1C212CDEC618}.Release|x64.Build.0 = Release|Any CPU
		{FBC55C30-962C-442C-AF94-1C212CDEC618}.Release|x86.ActiveCfg = Release|Any CPU
		{FBC55C30-962C-442C-AF94-1C212CDEC618}.Release|x86.Build.0 = Release|Any CPU
		{63CD96CC-4E23-460D-B279-13F6F79AD190}.Debug|Any CPU.ActiveCfg = Debug|Any CPU
		{63CD96CC-4E23-460D-B279-13F6F79AD190}.Debug|Any CPU.Build.0 = Debug|Any CPU
		{63CD96CC-4E23-460D-B279-13F6F79AD190}.Debug|x64.ActiveCfg = Debug|Any CPU
		{63CD96CC-4E23-460D-B279-13F6F79AD190}.Debug|x64.Build.0 = Debug|Any CPU
		{63CD96CC-4E23-460D-B279-13F6F79AD190}.Debug|x86.ActiveCfg = Debug|Any CPU
		{63CD96CC-4E23-460D-B279-13F6F79AD190}.Debug|x86.Build.0 = Debug|Any CPU
		{63CD96CC-4E23-460D-B279-13F6F79AD190}.Release|Any CPU.ActiveCfg = Release|Any CPU
		{63CD96CC-4E23-460D-B279-13F6F79AD190}.Release|Any CPU.Build.0 = Release|Any CPU
		{63CD96CC-4E23-460D-B279-13F6F79AD190}.Release|x64.ActiveCfg = Release|Any CPU
		{63CD96CC-4E23-460D-B279-13F6F79AD190}.Release|x64.Build.0 = Release|Any CPU
		{63CD96CC-4E23-460D-B279-13F6F79AD190}.Release|x86.ActiveCfg = Release|Any CPU
		{63CD96CC-4E23-460D-B279-13F6F79AD190}.Release|x86.Build.0 = Release|Any CPU
		{76D82C01-F809-4B93-97EA-3CD730E7B541}.Debug|Any CPU.ActiveCfg = Debug|Any CPU
		{76D82C01-F809-4B93-97EA-3CD730E7B541}.Debug|Any CPU.Build.0 = Debug|Any CPU
		{76D82C01-F809-4B93-97EA-3CD730E7B541}.Debug|x64.ActiveCfg = Debug|Any CPU
		{76D82C01-F809-4B93-97EA-3CD730E7B541}.Debug|x64.Build.0 = Debug|Any CPU
		{76D82C01-F809-4B93-97EA-3CD730E7B541}.Debug|x86.ActiveCfg = Debug|Any CPU
		{76D82C01-F809-4B93-97EA-3CD730E7B541}.Debug|x86.Build.0 = Debug|Any CPU
		{76D82C01-F809-4B93-97EA-3CD730E7B541}.Release|Any CPU.ActiveCfg = Release|Any CPU
		{76D82C01-F809-4B93-97EA-3CD730E7B541}.Release|Any CPU.Build.0 = Release|Any CPU
		{76D82C01-F809-4B93-97EA-3CD730E7B541}.Release|x64.ActiveCfg = Release|Any CPU
		{76D82C01-F809-4B93-97EA-3CD730E7B541}.Release|x64.Build.0 = Release|Any CPU
		{76D82C01-F809-4B93-97EA-3CD730E7B541}.Release|x86.ActiveCfg = Release|Any CPU
		{76D82C01-F809-4B93-97EA-3CD730E7B541}.Release|x86.Build.0 = Release|Any CPU
		{475739FD-4456-4C39-B9B0-57B9CF0FD711}.Debug|Any CPU.ActiveCfg = Debug|Any CPU
		{475739FD-4456-4C39-B9B0-57B9CF0FD711}.Debug|Any CPU.Build.0 = Debug|Any CPU
		{475739FD-4456-4C39-B9B0-57B9CF0FD711}.Debug|x64.ActiveCfg = Debug|Any CPU
		{475739FD-4456-4C39-B9B0-57B9CF0FD711}.Debug|x64.Build.0 = Debug|Any CPU
		{475739FD-4456-4C39-B9B0-57B9CF0FD711}.Debug|x86.ActiveCfg = Debug|Any CPU
		{475739FD-4456-4C39-B9B0-57B9CF0FD711}.Debug|x86.Build.0 = Debug|Any CPU
		{475739FD-4456-4C39-B9B0-57B9CF0FD711}.Release|Any CPU.ActiveCfg = Release|Any CPU
		{475739FD-4456-4C39-B9B0-57B9CF0FD711}.Release|Any CPU.Build.0 = Release|Any CPU
		{475739FD-4456-4C39-B9B0-57B9CF0FD711}.Release|x64.ActiveCfg = Release|Any CPU
		{475739FD-4456-4C39-B9B0-57B9CF0FD711}.Release|x64.Build.0 = Release|Any CPU
		{475739FD-4456-4C39-B9B0-57B9CF0FD711}.Release|x86.ActiveCfg = Release|Any CPU
		{475739FD-4456-4C39-B9B0-57B9CF0FD711}.Release|x86.Build.0 = Release|Any CPU
		{047C0176-EF19-4BCA-B189-2FAFCE5BC878}.Debug|Any CPU.ActiveCfg = Debug|x64
		{047C0176-EF19-4BCA-B189-2FAFCE5BC878}.Debug|Any CPU.Build.0 = Debug|x64
		{047C0176-EF19-4BCA-B189-2FAFCE5BC878}.Debug|x64.ActiveCfg = Debug|x64
		{047C0176-EF19-4BCA-B189-2FAFCE5BC878}.Debug|x64.Build.0 = Debug|x64
		{047C0176-EF19-4BCA-B189-2FAFCE5BC878}.Debug|x86.ActiveCfg = Debug|Any CPU
		{047C0176-EF19-4BCA-B189-2FAFCE5BC878}.Debug|x86.Build.0 = Debug|Any CPU
		{047C0176-EF19-4BCA-B189-2FAFCE5BC878}.Release|Any CPU.ActiveCfg = Release|x64
		{047C0176-EF19-4BCA-B189-2FAFCE5BC878}.Release|Any CPU.Build.0 = Release|x64
		{047C0176-EF19-4BCA-B189-2FAFCE5BC878}.Release|x64.ActiveCfg = Release|x64
		{047C0176-EF19-4BCA-B189-2FAFCE5BC878}.Release|x64.Build.0 = Release|x64
		{047C0176-EF19-4BCA-B189-2FAFCE5BC878}.Release|x86.ActiveCfg = Release|Any CPU
		{047C0176-EF19-4BCA-B189-2FAFCE5BC878}.Release|x86.Build.0 = Release|Any CPU
		{59B7D561-0889-4A6F-A52E-989D7871D38E}.Debug|Any CPU.ActiveCfg = Debug|x64
		{59B7D561-0889-4A6F-A52E-989D7871D38E}.Debug|Any CPU.Build.0 = Debug|x64
		{59B7D561-0889-4A6F-A52E-989D7871D38E}.Debug|x64.ActiveCfg = Debug|x64
		{59B7D561-0889-4A6F-A52E-989D7871D38E}.Debug|x64.Build.0 = Debug|x64
		{59B7D561-0889-4A6F-A52E-989D7871D38E}.Debug|x86.ActiveCfg = Debug|Any CPU
		{59B7D561-0889-4A6F-A52E-989D7871D38E}.Debug|x86.Build.0 = Debug|Any CPU
		{59B7D561-0889-4A6F-A52E-989D7871D38E}.Release|Any CPU.ActiveCfg = Release|x64
		{59B7D561-0889-4A6F-A52E-989D7871D38E}.Release|Any CPU.Build.0 = Release|x64
		{59B7D561-0889-4A6F-A52E-989D7871D38E}.Release|x64.ActiveCfg = Release|x64
		{59B7D561-0889-4A6F-A52E-989D7871D38E}.Release|x64.Build.0 = Release|x64
		{59B7D561-0889-4A6F-A52E-989D7871D38E}.Release|x86.ActiveCfg = Release|Any CPU
		{59B7D561-0889-4A6F-A52E-989D7871D38E}.Release|x86.Build.0 = Release|Any CPU
		{FDFE964D-3319-4295-888C-CC07CCFF41EF}.Debug|Any CPU.ActiveCfg = Debug|x64
		{FDFE964D-3319-4295-888C-CC07CCFF41EF}.Debug|Any CPU.Build.0 = Debug|x64
		{FDFE964D-3319-4295-888C-CC07CCFF41EF}.Debug|x64.ActiveCfg = Debug|x64
		{FDFE964D-3319-4295-888C-CC07CCFF41EF}.Debug|x64.Build.0 = Debug|x64
		{FDFE964D-3319-4295-888C-CC07CCFF41EF}.Debug|x86.ActiveCfg = Debug|Any CPU
		{FDFE964D-3319-4295-888C-CC07CCFF41EF}.Debug|x86.Build.0 = Debug|Any CPU
		{FDFE964D-3319-4295-888C-CC07CCFF41EF}.Release|Any CPU.ActiveCfg = Release|x64
		{FDFE964D-3319-4295-888C-CC07CCFF41EF}.Release|Any CPU.Build.0 = Release|x64
		{FDFE964D-3319-4295-888C-CC07CCFF41EF}.Release|x64.ActiveCfg = Release|x64
		{FDFE964D-3319-4295-888C-CC07CCFF41EF}.Release|x64.Build.0 = Release|x64
		{FDFE964D-3319-4295-888C-CC07CCFF41EF}.Release|x86.ActiveCfg = Release|Any CPU
		{FDFE964D-3319-4295-888C-CC07CCFF41EF}.Release|x86.Build.0 = Release|Any CPU
		{60155E12-D44F-40ED-A8A4-5F2A6FBFEE8B}.Debug|Any CPU.ActiveCfg = Debug|x64
		{60155E12-D44F-40ED-A8A4-5F2A6FBFEE8B}.Debug|Any CPU.Build.0 = Debug|x64
		{60155E12-D44F-40ED-A8A4-5F2A6FBFEE8B}.Debug|x64.ActiveCfg = Debug|x64
		{60155E12-D44F-40ED-A8A4-5F2A6FBFEE8B}.Debug|x64.Build.0 = Debug|x64
		{60155E12-D44F-40ED-A8A4-5F2A6FBFEE8B}.Debug|x86.ActiveCfg = Debug|Any CPU
		{60155E12-D44F-40ED-A8A4-5F2A6FBFEE8B}.Debug|x86.Build.0 = Debug|Any CPU
		{60155E12-D44F-40ED-A8A4-5F2A6FBFEE8B}.Release|Any CPU.ActiveCfg = Release|x64
		{60155E12-D44F-40ED-A8A4-5F2A6FBFEE8B}.Release|Any CPU.Build.0 = Release|x64
		{60155E12-D44F-40ED-A8A4-5F2A6FBFEE8B}.Release|x64.ActiveCfg = Release|x64
		{60155E12-D44F-40ED-A8A4-5F2A6FBFEE8B}.Release|x64.Build.0 = Release|x64
		{60155E12-D44F-40ED-A8A4-5F2A6FBFEE8B}.Release|x86.ActiveCfg = Release|Any CPU
		{60155E12-D44F-40ED-A8A4-5F2A6FBFEE8B}.Release|x86.Build.0 = Release|Any CPU
		{83E45D4A-581D-429C-A56D-6476855743C7}.Debug|Any CPU.ActiveCfg = Debug|x64
		{83E45D4A-581D-429C-A56D-6476855743C7}.Debug|Any CPU.Build.0 = Debug|x64
		{83E45D4A-581D-429C-A56D-6476855743C7}.Debug|x64.ActiveCfg = Debug|x64
		{83E45D4A-581D-429C-A56D-6476855743C7}.Debug|x64.Build.0 = Debug|x64
		{83E45D4A-581D-429C-A56D-6476855743C7}.Debug|x86.ActiveCfg = Debug|Any CPU
		{83E45D4A-581D-429C-A56D-6476855743C7}.Debug|x86.Build.0 = Debug|Any CPU
		{83E45D4A-581D-429C-A56D-6476855743C7}.Release|Any CPU.ActiveCfg = Debug|x64
		{83E45D4A-581D-429C-A56D-6476855743C7}.Release|Any CPU.Build.0 = Debug|x64
		{83E45D4A-581D-429C-A56D-6476855743C7}.Release|x64.ActiveCfg = Debug|x64
		{83E45D4A-581D-429C-A56D-6476855743C7}.Release|x64.Build.0 = Debug|x64
		{83E45D4A-581D-429C-A56D-6476855743C7}.Release|x86.ActiveCfg = Release|Any CPU
		{83E45D4A-581D-429C-A56D-6476855743C7}.Release|x86.Build.0 = Release|Any CPU
		{E94A9ED7-1BE0-4FDF-90D0-24DAF24449F8}.Debug|Any CPU.ActiveCfg = Release|x64
		{E94A9ED7-1BE0-4FDF-90D0-24DAF24449F8}.Debug|Any CPU.Build.0 = Release|x64
		{E94A9ED7-1BE0-4FDF-90D0-24DAF24449F8}.Debug|x64.ActiveCfg = Release|x64
		{E94A9ED7-1BE0-4FDF-90D0-24DAF24449F8}.Debug|x64.Build.0 = Release|x64
		{E94A9ED7-1BE0-4FDF-90D0-24DAF24449F8}.Debug|x86.ActiveCfg = Debug|Any CPU
		{E94A9ED7-1BE0-4FDF-90D0-24DAF24449F8}.Debug|x86.Build.0 = Debug|Any CPU
		{E94A9ED7-1BE0-4FDF-90D0-24DAF24449F8}.Release|Any CPU.ActiveCfg = Release|x64
		{E94A9ED7-1BE0-4FDF-90D0-24DAF24449F8}.Release|Any CPU.Build.0 = Release|x64
		{E94A9ED7-1BE0-4FDF-90D0-24DAF24449F8}.Release|x64.ActiveCfg = Release|x64
		{E94A9ED7-1BE0-4FDF-90D0-24DAF24449F8}.Release|x64.Build.0 = Release|x64
		{E94A9ED7-1BE0-4FDF-90D0-24DAF24449F8}.Release|x86.ActiveCfg = Release|Any CPU
		{E94A9ED7-1BE0-4FDF-90D0-24DAF24449F8}.Release|x86.Build.0 = Release|Any CPU
		{0C3807C0-BB72-4B0D-866A-65F6512233DD}.Debug|Any CPU.ActiveCfg = Debug|Win32
		{0C3807C0-BB72-4B0D-866A-65F6512233DD}.Debug|x64.ActiveCfg = Debug|x64
		{0C3807C0-BB72-4B0D-866A-65F6512233DD}.Debug|x64.Build.0 = Debug|x64
		{0C3807C0-BB72-4B0D-866A-65F6512233DD}.Debug|x86.ActiveCfg = Debug|Win32
		{0C3807C0-BB72-4B0D-866A-65F6512233DD}.Debug|x86.Build.0 = Debug|Win32
		{0C3807C0-BB72-4B0D-866A-65F6512233DD}.Release|Any CPU.ActiveCfg = Release|Win32
		{0C3807C0-BB72-4B0D-866A-65F6512233DD}.Release|x64.ActiveCfg = Release|x64
		{0C3807C0-BB72-4B0D-866A-65F6512233DD}.Release|x64.Build.0 = Release|x64
		{0C3807C0-BB72-4B0D-866A-65F6512233DD}.Release|x86.ActiveCfg = Release|Win32
		{0C3807C0-BB72-4B0D-866A-65F6512233DD}.Release|x86.Build.0 = Release|Win32
		{A7C8DFE6-1201-4B92-A741-6AD66F03E4E7}.Debug|Any CPU.ActiveCfg = Debug|Any CPU
		{A7C8DFE6-1201-4B92-A741-6AD66F03E4E7}.Debug|Any CPU.Build.0 = Debug|Any CPU
		{A7C8DFE6-1201-4B92-A741-6AD66F03E4E7}.Debug|x64.ActiveCfg = Debug|Any CPU
		{A7C8DFE6-1201-4B92-A741-6AD66F03E4E7}.Debug|x64.Build.0 = Debug|Any CPU
		{A7C8DFE6-1201-4B92-A741-6AD66F03E4E7}.Debug|x86.ActiveCfg = Debug|Any CPU
		{A7C8DFE6-1201-4B92-A741-6AD66F03E4E7}.Debug|x86.Build.0 = Debug|Any CPU
		{A7C8DFE6-1201-4B92-A741-6AD66F03E4E7}.Release|Any CPU.ActiveCfg = Release|Any CPU
		{A7C8DFE6-1201-4B92-A741-6AD66F03E4E7}.Release|Any CPU.Build.0 = Release|Any CPU
		{A7C8DFE6-1201-4B92-A741-6AD66F03E4E7}.Release|x64.ActiveCfg = Release|Any CPU
		{A7C8DFE6-1201-4B92-A741-6AD66F03E4E7}.Release|x64.Build.0 = Release|Any CPU
		{A7C8DFE6-1201-4B92-A741-6AD66F03E4E7}.Release|x86.ActiveCfg = Release|Any CPU
		{A7C8DFE6-1201-4B92-A741-6AD66F03E4E7}.Release|x86.Build.0 = Release|Any CPU
		{4555C6E6-FAD0-415C-8A11-B4EFC6716B36}.Debug|Any CPU.ActiveCfg = Debug|Any CPU
		{4555C6E6-FAD0-415C-8A11-B4EFC6716B36}.Debug|Any CPU.Build.0 = Debug|Any CPU
		{4555C6E6-FAD0-415C-8A11-B4EFC6716B36}.Debug|x64.ActiveCfg = Debug|x64
		{4555C6E6-FAD0-415C-8A11-B4EFC6716B36}.Debug|x64.Build.0 = Debug|x64
		{4555C6E6-FAD0-415C-8A11-B4EFC6716B36}.Debug|x86.ActiveCfg = Debug|Any CPU
		{4555C6E6-FAD0-415C-8A11-B4EFC6716B36}.Debug|x86.Build.0 = Debug|Any CPU
		{4555C6E6-FAD0-415C-8A11-B4EFC6716B36}.Release|Any CPU.ActiveCfg = Release|Any CPU
		{4555C6E6-FAD0-415C-8A11-B4EFC6716B36}.Release|Any CPU.Build.0 = Release|Any CPU
		{4555C6E6-FAD0-415C-8A11-B4EFC6716B36}.Release|x64.ActiveCfg = Release|x64
		{4555C6E6-FAD0-415C-8A11-B4EFC6716B36}.Release|x64.Build.0 = Release|x64
		{4555C6E6-FAD0-415C-8A11-B4EFC6716B36}.Release|x86.ActiveCfg = Release|Any CPU
		{4555C6E6-FAD0-415C-8A11-B4EFC6716B36}.Release|x86.Build.0 = Release|Any CPU
		{3AD6E080-9095-4D9B-B7BC-D6C4D7A60FFF}.Debug|Any CPU.ActiveCfg = Debug|Any CPU
		{3AD6E080-9095-4D9B-B7BC-D6C4D7A60FFF}.Debug|Any CPU.Build.0 = Debug|Any CPU
		{3AD6E080-9095-4D9B-B7BC-D6C4D7A60FFF}.Debug|x64.ActiveCfg = Debug|Any CPU
		{3AD6E080-9095-4D9B-B7BC-D6C4D7A60FFF}.Debug|x64.Build.0 = Debug|Any CPU
		{3AD6E080-9095-4D9B-B7BC-D6C4D7A60FFF}.Debug|x86.ActiveCfg = Debug|Any CPU
		{3AD6E080-9095-4D9B-B7BC-D6C4D7A60FFF}.Debug|x86.Build.0 = Debug|Any CPU
		{3AD6E080-9095-4D9B-B7BC-D6C4D7A60FFF}.Release|Any CPU.ActiveCfg = Release|Any CPU
		{3AD6E080-9095-4D9B-B7BC-D6C4D7A60FFF}.Release|Any CPU.Build.0 = Release|Any CPU
		{3AD6E080-9095-4D9B-B7BC-D6C4D7A60FFF}.Release|x64.ActiveCfg = Release|Any CPU
		{3AD6E080-9095-4D9B-B7BC-D6C4D7A60FFF}.Release|x64.Build.0 = Release|Any CPU
		{3AD6E080-9095-4D9B-B7BC-D6C4D7A60FFF}.Release|x86.ActiveCfg = Release|Any CPU
		{3AD6E080-9095-4D9B-B7BC-D6C4D7A60FFF}.Release|x86.Build.0 = Release|Any CPU
		{5914250A-C705-483D-98F6-D77477409939}.Debug|Any CPU.ActiveCfg = Debug|Any CPU
		{5914250A-C705-483D-98F6-D77477409939}.Debug|Any CPU.Build.0 = Debug|Any CPU
		{5914250A-C705-483D-98F6-D77477409939}.Debug|x64.ActiveCfg = Debug|Any CPU
		{5914250A-C705-483D-98F6-D77477409939}.Debug|x64.Build.0 = Debug|Any CPU
		{5914250A-C705-483D-98F6-D77477409939}.Debug|x86.ActiveCfg = Debug|Any CPU
		{5914250A-C705-483D-98F6-D77477409939}.Debug|x86.Build.0 = Debug|Any CPU
		{5914250A-C705-483D-98F6-D77477409939}.Release|Any CPU.ActiveCfg = Release|Any CPU
		{5914250A-C705-483D-98F6-D77477409939}.Release|Any CPU.Build.0 = Release|Any CPU
		{5914250A-C705-483D-98F6-D77477409939}.Release|x64.ActiveCfg = Release|Any CPU
		{5914250A-C705-483D-98F6-D77477409939}.Release|x64.Build.0 = Release|Any CPU
		{5914250A-C705-483D-98F6-D77477409939}.Release|x86.ActiveCfg = Release|Any CPU
		{5914250A-C705-483D-98F6-D77477409939}.Release|x86.Build.0 = Release|Any CPU
		{E1243B98-7ECC-4B67-8C05-F752AFAB83DB}.Debug|Any CPU.ActiveCfg = Debug|Any CPU
		{E1243B98-7ECC-4B67-8C05-F752AFAB83DB}.Debug|Any CPU.Build.0 = Debug|Any CPU
		{E1243B98-7ECC-4B67-8C05-F752AFAB83DB}.Debug|x64.ActiveCfg = Debug|Any CPU
		{E1243B98-7ECC-4B67-8C05-F752AFAB83DB}.Debug|x64.Build.0 = Debug|Any CPU
		{E1243B98-7ECC-4B67-8C05-F752AFAB83DB}.Debug|x86.ActiveCfg = Debug|Any CPU
		{E1243B98-7ECC-4B67-8C05-F752AFAB83DB}.Debug|x86.Build.0 = Debug|Any CPU
		{E1243B98-7ECC-4B67-8C05-F752AFAB83DB}.Release|Any CPU.ActiveCfg = Release|Any CPU
		{E1243B98-7ECC-4B67-8C05-F752AFAB83DB}.Release|Any CPU.Build.0 = Release|Any CPU
		{E1243B98-7ECC-4B67-8C05-F752AFAB83DB}.Release|x64.ActiveCfg = Release|Any CPU
		{E1243B98-7ECC-4B67-8C05-F752AFAB83DB}.Release|x64.Build.0 = Release|Any CPU
		{E1243B98-7ECC-4B67-8C05-F752AFAB83DB}.Release|x86.ActiveCfg = Release|Any CPU
		{E1243B98-7ECC-4B67-8C05-F752AFAB83DB}.Release|x86.Build.0 = Release|Any CPU
		{C4698609-7639-45EE-8BB9-3BD15A801C55}.Debug|Any CPU.ActiveCfg = Debug|Any CPU
		{C4698609-7639-45EE-8BB9-3BD15A801C55}.Debug|Any CPU.Build.0 = Debug|Any CPU
		{C4698609-7639-45EE-8BB9-3BD15A801C55}.Debug|x64.ActiveCfg = Debug|Any CPU
		{C4698609-7639-45EE-8BB9-3BD15A801C55}.Debug|x64.Build.0 = Debug|Any CPU
		{C4698609-7639-45EE-8BB9-3BD15A801C55}.Debug|x86.ActiveCfg = Debug|Any CPU
		{C4698609-7639-45EE-8BB9-3BD15A801C55}.Debug|x86.Build.0 = Debug|Any CPU
		{C4698609-7639-45EE-8BB9-3BD15A801C55}.Release|Any CPU.ActiveCfg = Release|Any CPU
		{C4698609-7639-45EE-8BB9-3BD15A801C55}.Release|Any CPU.Build.0 = Release|Any CPU
		{C4698609-7639-45EE-8BB9-3BD15A801C55}.Release|x64.ActiveCfg = Release|Any CPU
		{C4698609-7639-45EE-8BB9-3BD15A801C55}.Release|x64.Build.0 = Release|Any CPU
		{C4698609-7639-45EE-8BB9-3BD15A801C55}.Release|x86.ActiveCfg = Release|Any CPU
		{C4698609-7639-45EE-8BB9-3BD15A801C55}.Release|x86.Build.0 = Release|Any CPU
		{DD728766-6433-4B27-8A5F-30B526EC879B}.Debug|Any CPU.ActiveCfg = Debug|Any CPU
		{DD728766-6433-4B27-8A5F-30B526EC879B}.Debug|Any CPU.Build.0 = Debug|Any CPU
		{DD728766-6433-4B27-8A5F-30B526EC879B}.Debug|x64.ActiveCfg = Debug|Any CPU
		{DD728766-6433-4B27-8A5F-30B526EC879B}.Debug|x64.Build.0 = Debug|Any CPU
		{DD728766-6433-4B27-8A5F-30B526EC879B}.Debug|x86.ActiveCfg = Debug|Any CPU
		{DD728766-6433-4B27-8A5F-30B526EC879B}.Debug|x86.Build.0 = Debug|Any CPU
		{DD728766-6433-4B27-8A5F-30B526EC879B}.Release|Any CPU.ActiveCfg = Release|Any CPU
		{DD728766-6433-4B27-8A5F-30B526EC879B}.Release|Any CPU.Build.0 = Release|Any CPU
		{DD728766-6433-4B27-8A5F-30B526EC879B}.Release|x64.ActiveCfg = Release|Any CPU
		{DD728766-6433-4B27-8A5F-30B526EC879B}.Release|x64.Build.0 = Release|Any CPU
		{DD728766-6433-4B27-8A5F-30B526EC879B}.Release|x86.ActiveCfg = Release|Any CPU
		{DD728766-6433-4B27-8A5F-30B526EC879B}.Release|x86.Build.0 = Release|Any CPU
		{55FD2C2D-A80B-4466-80D3-B31565EBD06C}.Debug|Any CPU.ActiveCfg = Debug|Any CPU
		{55FD2C2D-A80B-4466-80D3-B31565EBD06C}.Debug|Any CPU.Build.0 = Debug|Any CPU
		{55FD2C2D-A80B-4466-80D3-B31565EBD06C}.Debug|x64.ActiveCfg = Debug|Any CPU
		{55FD2C2D-A80B-4466-80D3-B31565EBD06C}.Debug|x64.Build.0 = Debug|Any CPU
		{55FD2C2D-A80B-4466-80D3-B31565EBD06C}.Debug|x86.ActiveCfg = Debug|Any CPU
		{55FD2C2D-A80B-4466-80D3-B31565EBD06C}.Debug|x86.Build.0 = Debug|Any CPU
		{55FD2C2D-A80B-4466-80D3-B31565EBD06C}.Release|Any CPU.ActiveCfg = Release|Any CPU
		{55FD2C2D-A80B-4466-80D3-B31565EBD06C}.Release|Any CPU.Build.0 = Release|Any CPU
		{55FD2C2D-A80B-4466-80D3-B31565EBD06C}.Release|x64.ActiveCfg = Release|Any CPU
		{55FD2C2D-A80B-4466-80D3-B31565EBD06C}.Release|x64.Build.0 = Release|Any CPU
		{55FD2C2D-A80B-4466-80D3-B31565EBD06C}.Release|x86.ActiveCfg = Release|Any CPU
		{55FD2C2D-A80B-4466-80D3-B31565EBD06C}.Release|x86.Build.0 = Release|Any CPU
		{9F7FFB23-C667-492C-BC09-0416DC4A62B9}.Debug|Any CPU.ActiveCfg = Debug|Any CPU
		{9F7FFB23-C667-492C-BC09-0416DC4A62B9}.Debug|Any CPU.Build.0 = Debug|Any CPU
		{9F7FFB23-C667-492C-BC09-0416DC4A62B9}.Debug|x64.ActiveCfg = Debug|Any CPU
		{9F7FFB23-C667-492C-BC09-0416DC4A62B9}.Debug|x64.Build.0 = Debug|Any CPU
		{9F7FFB23-C667-492C-BC09-0416DC4A62B9}.Debug|x86.ActiveCfg = Debug|Any CPU
		{9F7FFB23-C667-492C-BC09-0416DC4A62B9}.Debug|x86.Build.0 = Debug|Any CPU
		{9F7FFB23-C667-492C-BC09-0416DC4A62B9}.Release|Any CPU.ActiveCfg = Release|Any CPU
		{9F7FFB23-C667-492C-BC09-0416DC4A62B9}.Release|Any CPU.Build.0 = Release|Any CPU
		{9F7FFB23-C667-492C-BC09-0416DC4A62B9}.Release|x64.ActiveCfg = Release|Any CPU
		{9F7FFB23-C667-492C-BC09-0416DC4A62B9}.Release|x64.Build.0 = Release|Any CPU
		{9F7FFB23-C667-492C-BC09-0416DC4A62B9}.Release|x86.ActiveCfg = Release|Any CPU
		{9F7FFB23-C667-492C-BC09-0416DC4A62B9}.Release|x86.Build.0 = Release|Any CPU
		{B2F01D5E-A57D-413D-9BBD-984B2054B140}.Debug|Any CPU.ActiveCfg = Debug|Any CPU
		{B2F01D5E-A57D-413D-9BBD-984B2054B140}.Debug|Any CPU.Build.0 = Debug|Any CPU
		{B2F01D5E-A57D-413D-9BBD-984B2054B140}.Debug|x64.ActiveCfg = Debug|Any CPU
		{B2F01D5E-A57D-413D-9BBD-984B2054B140}.Debug|x64.Build.0 = Debug|Any CPU
		{B2F01D5E-A57D-413D-9BBD-984B2054B140}.Debug|x86.ActiveCfg = Debug|Any CPU
		{B2F01D5E-A57D-413D-9BBD-984B2054B140}.Debug|x86.Build.0 = Debug|Any CPU
		{B2F01D5E-A57D-413D-9BBD-984B2054B140}.Release|Any CPU.ActiveCfg = Release|Any CPU
		{B2F01D5E-A57D-413D-9BBD-984B2054B140}.Release|Any CPU.Build.0 = Release|Any CPU
		{B2F01D5E-A57D-413D-9BBD-984B2054B140}.Release|x64.ActiveCfg = Release|Any CPU
		{B2F01D5E-A57D-413D-9BBD-984B2054B140}.Release|x64.Build.0 = Release|Any CPU
		{B2F01D5E-A57D-413D-9BBD-984B2054B140}.Release|x86.ActiveCfg = Release|Any CPU
		{B2F01D5E-A57D-413D-9BBD-984B2054B140}.Release|x86.Build.0 = Release|Any CPU
		{3218AFCF-9997-438E-8A93-FE8E8C83DDCF}.Debug|Any CPU.ActiveCfg = Debug|Any CPU
		{3218AFCF-9997-438E-8A93-FE8E8C83DDCF}.Debug|Any CPU.Build.0 = Debug|Any CPU
		{3218AFCF-9997-438E-8A93-FE8E8C83DDCF}.Debug|x64.ActiveCfg = Debug|Any CPU
		{3218AFCF-9997-438E-8A93-FE8E8C83DDCF}.Debug|x64.Build.0 = Debug|Any CPU
		{3218AFCF-9997-438E-8A93-FE8E8C83DDCF}.Debug|x86.ActiveCfg = Debug|Any CPU
		{3218AFCF-9997-438E-8A93-FE8E8C83DDCF}.Debug|x86.Build.0 = Debug|Any CPU
		{3218AFCF-9997-438E-8A93-FE8E8C83DDCF}.Release|Any CPU.ActiveCfg = Release|Any CPU
		{3218AFCF-9997-438E-8A93-FE8E8C83DDCF}.Release|Any CPU.Build.0 = Release|Any CPU
		{3218AFCF-9997-438E-8A93-FE8E8C83DDCF}.Release|x64.ActiveCfg = Release|Any CPU
		{3218AFCF-9997-438E-8A93-FE8E8C83DDCF}.Release|x64.Build.0 = Release|Any CPU
		{3218AFCF-9997-438E-8A93-FE8E8C83DDCF}.Release|x86.ActiveCfg = Release|Any CPU
		{3218AFCF-9997-438E-8A93-FE8E8C83DDCF}.Release|x86.Build.0 = Release|Any CPU
		{44D40DA3-5DD9-48BE-ACE8-C287B31FB416}.Debug|Any CPU.ActiveCfg = Debug|Any CPU
		{44D40DA3-5DD9-48BE-ACE8-C287B31FB416}.Debug|Any CPU.Build.0 = Debug|Any CPU
		{44D40DA3-5DD9-48BE-ACE8-C287B31FB416}.Debug|x64.ActiveCfg = Debug|Any CPU
		{44D40DA3-5DD9-48BE-ACE8-C287B31FB416}.Debug|x64.Build.0 = Debug|Any CPU
		{44D40DA3-5DD9-48BE-ACE8-C287B31FB416}.Debug|x86.ActiveCfg = Debug|Any CPU
		{44D40DA3-5DD9-48BE-ACE8-C287B31FB416}.Debug|x86.Build.0 = Debug|Any CPU
		{44D40DA3-5DD9-48BE-ACE8-C287B31FB416}.Release|Any CPU.ActiveCfg = Release|Any CPU
		{44D40DA3-5DD9-48BE-ACE8-C287B31FB416}.Release|Any CPU.Build.0 = Release|Any CPU
		{44D40DA3-5DD9-48BE-ACE8-C287B31FB416}.Release|x64.ActiveCfg = Release|Any CPU
		{44D40DA3-5DD9-48BE-ACE8-C287B31FB416}.Release|x64.Build.0 = Release|Any CPU
		{44D40DA3-5DD9-48BE-ACE8-C287B31FB416}.Release|x86.ActiveCfg = Release|Any CPU
		{44D40DA3-5DD9-48BE-ACE8-C287B31FB416}.Release|x86.Build.0 = Release|Any CPU
	EndGlobalSection
	GlobalSection(SolutionProperties) = preSolution
		HideSolutionNode = FALSE
	EndGlobalSection
	GlobalSection(NestedProjects) = preSolution
		{A5C8E4A8-C36B-4B36-82FA-4C055834F11B} = {3F197E21-A080-4785-B0E3-FE36678C2C62}
		{D53C3A7A-CABA-427C-AD85-E09C08D769EF} = {3F197E21-A080-4785-B0E3-FE36678C2C62}
		{2FE5D858-0A79-43D9-BD96-93A99A0DCF8C} = {3F197E21-A080-4785-B0E3-FE36678C2C62}
		{A28DF63B-9733-46CB-BCB9-FF98D8374C2D} = {999E5844-ADB6-464F-93E9-930D6A6AC4B1}
		{CC2698ED-27D7-4EB3-8E2A-F9D71265DE97} = {999E5844-ADB6-464F-93E9-930D6A6AC4B1}
		{BEF99F78-997F-4A6D-A2CB-459637ECF840} = {999E5844-ADB6-464F-93E9-930D6A6AC4B1}
		{385AFE52-C17D-41A0-B89F-4A7A9CB9881F} = {999E5844-ADB6-464F-93E9-930D6A6AC4B1}
		{84A7FD26-2385-46C0-8CCF-DC3A1B1F0F77} = {3F197E21-A080-4785-B0E3-FE36678C2C62}
		{15F2C589-50F9-4CAF-A830-7E5A3F131631} = {3F197E21-A080-4785-B0E3-FE36678C2C62}
		{115A621E-697E-40FA-AEE8-9708022D512E} = {999E5844-ADB6-464F-93E9-930D6A6AC4B1}
		{49AF6FCA-EED8-4225-8996-5010E92C3CA9} = {999E5844-ADB6-464F-93E9-930D6A6AC4B1}
		{73F0145E-04BC-4D53-8E5A-3AE9CAAB458D} = {999E5844-ADB6-464F-93E9-930D6A6AC4B1}
		{FBC55C30-962C-442C-AF94-1C212CDEC618} = {999E5844-ADB6-464F-93E9-930D6A6AC4B1}
		{63CD96CC-4E23-460D-B279-13F6F79AD190} = {999E5844-ADB6-464F-93E9-930D6A6AC4B1}
		{76D82C01-F809-4B93-97EA-3CD730E7B541} = {999E5844-ADB6-464F-93E9-930D6A6AC4B1}
		{475739FD-4456-4C39-B9B0-57B9CF0FD711} = {999E5844-ADB6-464F-93E9-930D6A6AC4B1}
		{047C0176-EF19-4BCA-B189-2FAFCE5BC878} = {999E5844-ADB6-464F-93E9-930D6A6AC4B1}
		{59B7D561-0889-4A6F-A52E-989D7871D38E} = {999E5844-ADB6-464F-93E9-930D6A6AC4B1}
		{FDFE964D-3319-4295-888C-CC07CCFF41EF} = {999E5844-ADB6-464F-93E9-930D6A6AC4B1}
		{60155E12-D44F-40ED-A8A4-5F2A6FBFEE8B} = {999E5844-ADB6-464F-93E9-930D6A6AC4B1}
		{83E45D4A-581D-429C-A56D-6476855743C7} = {999E5844-ADB6-464F-93E9-930D6A6AC4B1}
		{E94A9ED7-1BE0-4FDF-90D0-24DAF24449F8} = {999E5844-ADB6-464F-93E9-930D6A6AC4B1}
		{0C3807C0-BB72-4B0D-866A-65F6512233DD} = {999E5844-ADB6-464F-93E9-930D6A6AC4B1}
		{A7C8DFE6-1201-4B92-A741-6AD66F03E4E7} = {999E5844-ADB6-464F-93E9-930D6A6AC4B1}
		{4555C6E6-FAD0-415C-8A11-B4EFC6716B36} = {697A4975-02E8-4FEB-B664-7EA0C777C536}
		{3AD6E080-9095-4D9B-B7BC-D6C4D7A60FFF} = {697A4975-02E8-4FEB-B664-7EA0C777C536}
		{5914250A-C705-483D-98F6-D77477409939} = {3F197E21-A080-4785-B0E3-FE36678C2C62}
		{E1243B98-7ECC-4B67-8C05-F752AFAB83DB} = {3F197E21-A080-4785-B0E3-FE36678C2C62}
		{C4698609-7639-45EE-8BB9-3BD15A801C55} = {3F197E21-A080-4785-B0E3-FE36678C2C62}
		{DD728766-6433-4B27-8A5F-30B526EC879B} = {697A4975-02E8-4FEB-B664-7EA0C777C536}
		{55FD2C2D-A80B-4466-80D3-B31565EBD06C} = {697A4975-02E8-4FEB-B664-7EA0C777C536}
		{9F7FFB23-C667-492C-BC09-0416DC4A62B9} = {697A4975-02E8-4FEB-B664-7EA0C777C536}
		{B2F01D5E-A57D-413D-9BBD-984B2054B140} = {697A4975-02E8-4FEB-B664-7EA0C777C536}
		{3218AFCF-9997-438E-8A93-FE8E8C83DDCF} = {3ADA8043-489F-4CBA-9CBF-671B2D8740D4}
		{44D40DA3-5DD9-48BE-ACE8-C287B31FB416} = {3F197E21-A080-4785-B0E3-FE36678C2C62}
	EndGlobalSection
	GlobalSection(ExtensibilityGlobals) = postSolution
		SolutionGuid = {C68E360D-E9E0-42F2-AA5B-C8C3C4CAA22E}
	EndGlobalSection
EndGlobal
